// !$*UTF8*$!
{
	archiveVersion = 1;
	classes = {
	};
	objectVersion = 46;
	objects = {

/* Begin PBXBuildFile section */
		BC5B0C1D1D92F75600B43506 /* AppDelegate.swift in Sources */ = {isa = PBXBuildFile; fileRef = BC5B0C1C1D92F75600B43506 /* AppDelegate.swift */; };
		BC5B0C1F1D92F75600B43506 /* ViewController.swift in Sources */ = {isa = PBXBuildFile; fileRef = BC5B0C1E1D92F75600B43506 /* ViewController.swift */; };
		BC5B0C221D92F75600B43506 /* Main.storyboard in Resources */ = {isa = PBXBuildFile; fileRef = BC5B0C201D92F75600B43506 /* Main.storyboard */; };
		BC5B0C241D92F75600B43506 /* Assets.xcassets in Resources */ = {isa = PBXBuildFile; fileRef = BC5B0C231D92F75600B43506 /* Assets.xcassets */; };
		BC5B0C271D92F75600B43506 /* LaunchScreen.storyboard in Resources */ = {isa = PBXBuildFile; fileRef = BC5B0C251D92F75600B43506 /* LaunchScreen.storyboard */; };
/* End PBXBuildFile section */

/* Begin PBXContainerItemProxy section */
		BC6FF0C61D92FEA9002E6571 /* PBXContainerItemProxy */ = {
			isa = PBXContainerItemProxy;
			containerPortal = BC5B0C2E1D92F76E00B43506 /* KDCircularProgress.xcodeproj */;
			proxyType = 2;
			remoteGlobalIDString = BC5B0BE81D92F4FA00B43506;
			remoteInfo = "KDCircularProgress iOS";
		};
/* End PBXContainerItemProxy section */

/* Begin PBXFileReference section */
		BC5B0C191D92F75600B43506 /* iOS Example.app */ = {isa = PBXFileReference; explicitFileType = wrapper.application; includeInIndex = 0; path = "iOS Example.app"; sourceTree = BUILT_PRODUCTS_DIR; };
		BC5B0C1C1D92F75600B43506 /* AppDelegate.swift */ = {isa = PBXFileReference; lastKnownFileType = sourcecode.swift; path = AppDelegate.swift; sourceTree = "<group>"; };
		BC5B0C1E1D92F75600B43506 /* ViewController.swift */ = {isa = PBXFileReference; lastKnownFileType = sourcecode.swift; path = ViewController.swift; sourceTree = "<group>"; };
		BC5B0C211D92F75600B43506 /* Base */ = {isa = PBXFileReference; lastKnownFileType = file.storyboard; name = Base; path = Base.lproj/Main.storyboard; sourceTree = "<group>"; };
		BC5B0C231D92F75600B43506 /* Assets.xcassets */ = {isa = PBXFileReference; lastKnownFileType = folder.assetcatalog; path = Assets.xcassets; sourceTree = "<group>"; };
		BC5B0C261D92F75600B43506 /* Base */ = {isa = PBXFileReference; lastKnownFileType = file.storyboard; name = Base; path = Base.lproj/LaunchScreen.storyboard; sourceTree = "<group>"; };
		BC5B0C281D92F75600B43506 /* Info.plist */ = {isa = PBXFileReference; lastKnownFileType = text.plist.xml; path = Info.plist; sourceTree = "<group>"; };
		BC5B0C2E1D92F76E00B43506 /* KDCircularProgress.xcodeproj */ = {isa = PBXFileReference; lastKnownFileType = "wrapper.pb-project"; name = KDCircularProgress.xcodeproj; path = ../../KDCircularProgress.xcodeproj; sourceTree = "<group>"; };
/* End PBXFileReference section */

/* Begin PBXFrameworksBuildPhase section */
		BC5B0C161D92F75600B43506 /* Frameworks */ = {
			isa = PBXFrameworksBuildPhase;
			buildActionMask = 2147483647;
			files = (
			);
			runOnlyForDeploymentPostprocessing = 0;
		};
/* End PBXFrameworksBuildPhase section */

/* Begin PBXGroup section */
		BC5B0C101D92F75600B43506 = {
			isa = PBXGroup;
			children = (
				BC5B0C1B1D92F75600B43506 /* iOS Example */,
				BC5B0C1A1D92F75600B43506 /* Products */,
				BC5B0C2E1D92F76E00B43506 /* KDCircularProgress.xcodeproj */,
			);
			sourceTree = "<group>";
		};
		BC5B0C1A1D92F75600B43506 /* Products */ = {
			isa = PBXGroup;
			children = (
				BC5B0C191D92F75600B43506 /* iOS Example.app */,
			);
			name = Products;
			sourceTree = "<group>";
		};
		BC5B0C1B1D92F75600B43506 /* iOS Example */ = {
			isa = PBXGroup;
			children = (
				BC5B0C1C1D92F75600B43506 /* AppDelegate.swift */,
				BC5B0C1E1D92F75600B43506 /* ViewController.swift */,
				BC5B0C201D92F75600B43506 /* Main.storyboard */,
				BC5B0C231D92F75600B43506 /* Assets.xcassets */,
				BC5B0C251D92F75600B43506 /* LaunchScreen.storyboard */,
				BC5B0C281D92F75600B43506 /* Info.plist */,
			);
			path = "iOS Example";
			sourceTree = "<group>";
		};
		BC6FF0C21D92FEA8002E6571 /* Products */ = {
			isa = PBXGroup;
			children = (
				BC6FF0C71D92FEA9002E6571 /* KDCircularProgress.framework */,
			);
			name = Products;
			sourceTree = "<group>";
		};
/* End PBXGroup section */

/* Begin PBXNativeTarget section */
		BC5B0C181D92F75600B43506 /* iOS Example */ = {
			isa = PBXNativeTarget;
			buildConfigurationList = BC5B0C2B1D92F75600B43506 /* Build configuration list for PBXNativeTarget "iOS Example" */;
			buildPhases = (
				BC5B0C151D92F75600B43506 /* Sources */,
				BC5B0C161D92F75600B43506 /* Frameworks */,
				BC5B0C171D92F75600B43506 /* Resources */,
			);
			buildRules = (
			);
			dependencies = (
			);
			name = "iOS Example";
			productName = "iOS Example";
			productReference = BC5B0C191D92F75600B43506 /* iOS Example.app */;
			productType = "com.apple.product-type.application";
		};
/* End PBXNativeTarget section */

/* Begin PBXProject section */
		BC5B0C111D92F75600B43506 /* Project object */ = {
			isa = PBXProject;
			attributes = {
				LastSwiftUpdateCheck = 0800;
				LastUpgradeCheck = 0800;
				ORGANIZATIONNAME = "Kaan Dedeoglu";
				TargetAttributes = {
					BC5B0C181D92F75600B43506 = {
						CreatedOnToolsVersion = 8.0;
						ProvisioningStyle = Automatic;
					};
				};
			};
			buildConfigurationList = BC5B0C141D92F75600B43506 /* Build configuration list for PBXProject "iOS Example" */;
			compatibilityVersion = "Xcode 3.2";
			developmentRegion = English;
			hasScannedForEncodings = 0;
			knownRegions = (
				en,
				Base,
			);
			mainGroup = BC5B0C101D92F75600B43506;
			productRefGroup = BC5B0C1A1D92F75600B43506 /* Products */;
			projectDirPath = "";
			projectReferences = (
				{
					ProductGroup = BC6FF0C21D92FEA8002E6571 /* Products */;
					ProjectRef = BC5B0C2E1D92F76E00B43506 /* KDCircularProgress.xcodeproj */;
				},
			);
			projectRoot = "";
			targets = (
				BC5B0C181D92F75600B43506 /* iOS Example */,
			);
		};
/* End PBXProject section */

/* Begin PBXReferenceProxy section */
		BC6FF0C71D92FEA9002E6571 /* KDCircularProgress.framework */ = {
			isa = PBXReferenceProxy;
			fileType = wrapper.framework;
			path = KDCircularProgress.framework;
			remoteRef = BC6FF0C61D92FEA9002E6571 /* PBXContainerItemProxy */;
			sourceTree = BUILT_PRODUCTS_DIR;
		};
/* End PBXReferenceProxy section */

/* Begin PBXResourcesBuildPhase section */
		BC5B0C171D92F75600B43506 /* Resources */ = {
			isa = PBXResourcesBuildPhase;
			buildActionMask = 2147483647;
			files = (
				BC5B0C271D92F75600B43506 /* LaunchScreen.storyboard in Resources */,
				BC5B0C241D92F75600B43506 /* Assets.xcassets in Resources */,
				BC5B0C221D92F75600B43506 /* Main.storyboard in Resources */,
			);
			runOnlyForDeploymentPostprocessing = 0;
		};
/* End PBXResourcesBuildPhase section */

/* Begin PBXSourcesBuildPhase section */
		BC5B0C151D92F75600B43506 /* Sources */ = {
			isa = PBXSourcesBuildPhase;
			buildActionMask = 2147483647;
			files = (
				BC5B0C1F1D92F75600B43506 /* ViewController.swift in Sources */,
				BC5B0C1D1D92F75600B43506 /* AppDelegate.swift in Sources */,
			);
			runOnlyForDeploymentPostprocessing = 0;
		};
/* End PBXSourcesBuildPhase section */

/* Begin PBXVariantGroup section */
		BC5B0C201D92F75600B43506 /* Main.storyboard */ = {
			isa = PBXVariantGroup;
			children = (
				BC5B0C211D92F75600B43506 /* Base */,
			);
			name = Main.storyboard;
			sourceTree = "<group>";
		};
		BC5B0C251D92F75600B43506 /* LaunchScreen.storyboard */ = {
			isa = PBXVariantGroup;
			children = (
				BC5B0C261D92F75600B43506 /* Base */,
			);
			name = LaunchScreen.storyboard;
			sourceTree = "<group>";
		};
/* End PBXVariantGroup section */

/* Begin XCBuildConfiguration section */
		BC5B0C291D92F75600B43506 /* Debug */ = {
			isa = XCBuildConfiguration;
			buildSettings = {
				ALWAYS_SEARCH_USER_PATHS = NO;
				CLANG_ANALYZER_NONNULL = YES;
				CLANG_CXX_LANGUAGE_STANDARD = "gnu++0x";
				CLANG_CXX_LIBRARY = "libc++";
				CLANG_ENABLE_MODULES = YES;
				CLANG_ENABLE_OBJC_ARC = YES;
				CLANG_WARN_BOOL_CONVERSION = YES;
				CLANG_WARN_CONSTANT_CONVERSION = YES;
				CLANG_WARN_DIRECT_OBJC_ISA_USAGE = YES_ERROR;
				CLANG_WARN_DOCUMENTATION_COMMENTS = YES;
				CLANG_WARN_EMPTY_BODY = YES;
				CLANG_WARN_ENUM_CONVERSION = YES;
				CLANG_WARN_INFINITE_RECURSION = YES;
				CLANG_WARN_INT_CONVERSION = YES;
				CLANG_WARN_OBJC_ROOT_CLASS = YES_ERROR;
				CLANG_WARN_SUSPICIOUS_MOVES = YES;
				CLANG_WARN_UNREACHABLE_CODE = YES;
				CLANG_WARN__DUPLICATE_METHOD_MATCH = YES;
				"CODE_SIGN_IDENTITY[sdk=iphoneos*]" = "iPhone Developer";
				COPY_PHASE_STRIP = NO;
				DEBUG_INFORMATION_FORMAT = dwarf;
				ENABLE_STRICT_OBJC_MSGSEND = YES;
				ENABLE_TESTABILITY = YES;
				GCC_C_LANGUAGE_STANDARD = gnu99;
				GCC_DYNAMIC_NO_PIC = NO;
				GCC_NO_COMMON_BLOCKS = YES;
				GCC_OPTIMIZATION_LEVEL = 0;
				GCC_PREPROCESSOR_DEFINITIONS = (
					"DEBUG=1",
					"$(inherited)",
				);
				GCC_WARN_64_TO_32_BIT_CONVERSION = YES;
				GCC_WARN_ABOUT_RETURN_TYPE = YES_ERROR;
				GCC_WARN_UNDECLARED_SELECTOR = YES;
				GCC_WARN_UNINITIALIZED_AUTOS = YES_AGGRESSIVE;
				GCC_WARN_UNUSED_FUNCTION = YES;
				GCC_WARN_UNUSED_VARIABLE = YES;
				IPHONEOS_DEPLOYMENT_TARGET = 10.0;
				MTL_ENABLE_DEBUG_INFO = YES;
				ONLY_ACTIVE_ARCH = YES;
				SDKROOT = iphoneos;
				SWIFT_ACTIVE_COMPILATION_CONDITIONS = DEBUG;
				SWIFT_OPTIMIZATION_LEVEL = "-Onone";
			};
			name = Debug;
		};
		BC5B0C2A1D92F75600B43506 /* Release */ = {
			isa = XCBuildConfiguration;
			buildSettings = {
				ALWAYS_SEARCH_USER_PATHS = NO;
				CLANG_ANALYZER_NONNULL = YES;
				CLANG_CXX_LANGUAGE_STANDARD = "gnu++0x";
				CLANG_CXX_LIBRARY = "libc++";
				CLANG_ENABLE_MODULES = YES;
				CLANG_ENABLE_OBJC_ARC = YES;
				CLANG_WARN_BOOL_CONVERSION = YES;
				CLANG_WARN_CONSTANT_CONVERSION = YES;
				CLANG_WARN_DIRECT_OBJC_ISA_USAGE = YES_ERROR;
				CLANG_WARN_DOCUMENTATION_COMMENTS = YES;
				CLANG_WARN_EMPTY_BODY = YES;
				CLANG_WARN_ENUM_CONVERSION = YES;
				CLANG_WARN_INFINITE_RECURSION = YES;
				CLANG_WARN_INT_CONVERSION = YES;
				CLANG_WARN_OBJC_ROOT_CLASS = YES_ERROR;
				CLANG_WARN_SUSPICIOUS_MOVES = YES;
				CLANG_WARN_UNREACHABLE_CODE = YES;
				CLANG_WARN__DUPLICATE_METHOD_MATCH = YES;
				"CODE_SIGN_IDENTITY[sdk=iphoneos*]" = "iPhone Developer";
				COPY_PHASE_STRIP = NO;
				DEBUG_INFORMATION_FORMAT = "dwarf-with-dsym";
				ENABLE_NS_ASSERTIONS = NO;
				ENABLE_STRICT_OBJC_MSGSEND = YES;
				GCC_C_LANGUAGE_STANDARD = gnu99;
				GCC_NO_COMMON_BLOCKS = YES;
				GCC_WARN_64_TO_32_BIT_CONVERSION = YES;
				GCC_WARN_ABOUT_RETURN_TYPE = YES_ERROR;
				GCC_WARN_UNDECLARED_SELECTOR = YES;
				GCC_WARN_UNINITIALIZED_AUTOS = YES_AGGRESSIVE;
				GCC_WARN_UNUSED_FUNCTION = YES;
				GCC_WARN_UNUSED_VARIABLE = YES;
				IPHONEOS_DEPLOYMENT_TARGET = 10.0;
				MTL_ENABLE_DEBUG_INFO = NO;
				SDKROOT = iphoneos;
				SWIFT_OPTIMIZATION_LEVEL = "-Owholemodule";
				VALIDATE_PRODUCT = YES;
			};
			name = Release;
		};
		BC5B0C2C1D92F75600B43506 /* Debug */ = {
			isa = XCBuildConfiguration;
			buildSettings = {
				ASSETCATALOG_COMPILER_APPICON_NAME = AppIcon;
				INFOPLIST_FILE = "iOS Example/Info.plist";
				LD_RUNPATH_SEARCH_PATHS = "$(inherited) @executable_path/Frameworks";
				PRODUCT_BUNDLE_IDENTIFIER = "com.kaandedeoglu.KDCircularProgress.iOS-Example";
				PRODUCT_NAME = "$(TARGET_NAME)";
				SWIFT_VERSION = 3.0;
			};
			name = Debug;
		};
		BC5B0C2D1D92F75600B43506 /* Release */ = {
			isa = XCBuildConfiguration;
			buildSettings = {
				ASSETCATALOG_COMPILER_APPICON_NAME = AppIcon;
				INFOPLIST_FILE = "iOS Example/Info.plist";
				LD_RUNPATH_SEARCH_PATHS = "$(inherited) @executable_path/Frameworks";
				PRODUCT_BUNDLE_IDENTIFIER = "com.kaandedeoglu.KDCircularProgress.iOS-Example";
				PRODUCT_NAME = "$(TARGET_NAME)";
				SWIFT_VERSION = 3.0;
			};
			name = Release;
		};
/* End XCBuildConfiguration section */

/* Begin XCConfigurationList section */
		BC5B0C141D92F75600B43506 /* Build configuration list for PBXProject "iOS Example" */ = {
			isa = XCConfigurationList;
			buildConfigurations = (
				BC5B0C291D92F75600B43506 /* Debug */,
				BC5B0C2A1D92F75600B43506 /* Release */,
			);
			defaultConfigurationIsVisible = 0;
			defaultConfigurationName = Release;
		};
		BC5B0C2B1D92F75600B43506 /* Build configuration list for PBXNativeTarget "iOS Example" */ = {
			isa = XCConfigurationList;
			buildConfigurations = (
				BC5B0C2C1D92F75600B43506 /* Debug */,
				BC5B0C2D1D92F75600B43506 /* Release */,
			);
			defaultConfigurationIsVisible = 0;
			defaultConfigurationName = Release;
		};
/* End XCConfigurationList section */
	};
	rootObject = BC5B0C111D92F75600B43506 /* Project object */;
}
