// !$*UTF8*$!
{
	archiveVersion = 1;
	classes = {
	};
	objectVersion = 46;
	objects = {

/* Begin PBXBuildFile section */
		BC9E758C1A8CE4A500B1DF3D /* AppDelegate.swift in Sources */ = {isa = PBXBuildFile; fileRef = BC9E758B1A8CE4A500B1DF3D /* AppDelegate.swift */; };
		BC9E758E1A8CE4A500B1DF3D /* ViewController.swift in Sources */ = {isa = PBXBuildFile; fileRef = BC9E758D1A8CE4A500B1DF3D /* ViewController.swift */; };
		BC9E75911A8CE4A500B1DF3D /* Main.storyboard in Resources */ = {isa = PBXBuildFile; fileRef = BC9E758F1A8CE4A500B1DF3D /* Main.storyboard */; };
		BC9E75931A8CE4A500B1DF3D /* Images.xcassets in Resources */ = {isa = PBXBuildFile; fileRef = BC9E75921A8CE4A500B1DF3D /* Images.xcassets */; };
		BC9E75961A8CE4A500B1DF3D /* LaunchScreen.xib in Resources */ = {isa = PBXBuildFile; fileRef = BC9E75941A8CE4A500B1DF3D /* LaunchScreen.xib */; };
		BC9E75A21A8CE4A500B1DF3D /* KDCircularProgressExampleTests.swift in Sources */ = {isa = PBXBuildFile; fileRef = BC9E75A11A8CE4A500B1DF3D /* KDCircularProgressExampleTests.swift */; };
		BC9E75AD1A8CE4CC00B1DF3D /* KDCircularProgress.swift in Sources */ = {isa = PBXBuildFile; fileRef = BC9E75AC1A8CE4CC00B1DF3D /* KDCircularProgress.swift */; };
/* End PBXBuildFile section */

/* Begin PBXContainerItemProxy section */
		BC9E759C1A8CE4A500B1DF3D /* PBXContainerItemProxy */ = {
			isa = PBXContainerItemProxy;
			containerPortal = BC9E757E1A8CE4A500B1DF3D /* Project object */;
			proxyType = 1;
			remoteGlobalIDString = BC9E75851A8CE4A500B1DF3D;
			remoteInfo = KDCircularProgressExample;
		};
/* End PBXContainerItemProxy section */

/* Begin PBXFileReference section */
		BC9E75861A8CE4A500B1DF3D /* KDCircularProgressExample.app */ = {isa = PBXFileReference; explicitFileType = wrapper.application; includeInIndex = 0; path = KDCircularProgressExample.app; sourceTree = BUILT_PRODUCTS_DIR; };
		BC9E758A1A8CE4A500B1DF3D /* Info.plist */ = {isa = PBXFileReference; lastKnownFileType = text.plist.xml; path = Info.plist; sourceTree = "<group>"; };
		BC9E758B1A8CE4A500B1DF3D /* AppDelegate.swift */ = {isa = PBXFileReference; lastKnownFileType = sourcecode.swift; path = AppDelegate.swift; sourceTree = "<group>"; };
		BC9E758D1A8CE4A500B1DF3D /* ViewController.swift */ = {isa = PBXFileReference; lastKnownFileType = sourcecode.swift; path = ViewController.swift; sourceTree = "<group>"; };
		BC9E75901A8CE4A500B1DF3D /* Base */ = {isa = PBXFileReference; lastKnownFileType = file.storyboard; name = Base; path = Base.lproj/Main.storyboard; sourceTree = "<group>"; };
		BC9E75921A8CE4A500B1DF3D /* Images.xcassets */ = {isa = PBXFileReference; lastKnownFileType = folder.assetcatalog; path = Images.xcassets; sourceTree = "<group>"; };
		BC9E75951A8CE4A500B1DF3D /* Base */ = {isa = PBXFileReference; lastKnownFileType = file.xib; name = Base; path = Base.lproj/LaunchScreen.xib; sourceTree = "<group>"; };
		BC9E759B1A8CE4A500B1DF3D /* KDCircularProgressExampleTests.xctest */ = {isa = PBXFileReference; explicitFileType = wrapper.cfbundle; includeInIndex = 0; path = KDCircularProgressExampleTests.xctest; sourceTree = BUILT_PRODUCTS_DIR; };
		BC9E75A01A8CE4A500B1DF3D /* Info.plist */ = {isa = PBXFileReference; lastKnownFileType = text.plist.xml; path = Info.plist; sourceTree = "<group>"; };
		BC9E75A11A8CE4A500B1DF3D /* KDCircularProgressExampleTests.swift */ = {isa = PBXFileReference; lastKnownFileType = sourcecode.swift; path = KDCircularProgressExampleTests.swift; sourceTree = "<group>"; };
		BC9E75AC1A8CE4CC00B1DF3D /* KDCircularProgress.swift */ = {isa = PBXFileReference; fileEncoding = 4; lastKnownFileType = sourcecode.swift; name = KDCircularProgress.swift; path = ../KDCircularProgress/KDCircularProgress.swift; sourceTree = "<group>"; };
/* End PBXFileReference section */

/* Begin PBXFrameworksBuildPhase section */
		BC9E75831A8CE4A500B1DF3D /* Frameworks */ = {
			isa = PBXFrameworksBuildPhase;
			buildActionMask = 2147483647;
			files = (
			);
			runOnlyForDeploymentPostprocessing = 0;
		};
		BC9E75981A8CE4A500B1DF3D /* Frameworks */ = {
			isa = PBXFrameworksBuildPhase;
			buildActionMask = 2147483647;
			files = (
			);
			runOnlyForDeploymentPostprocessing = 0;
		};
/* End PBXFrameworksBuildPhase section */

/* Begin PBXGroup section */
		BC9E757D1A8CE4A500B1DF3D = {
			isa = PBXGroup;
			children = (
				BC9E75881A8CE4A500B1DF3D /* KDCircularProgressExample */,
				BC9E759E1A8CE4A500B1DF3D /* KDCircularProgressExampleTests */,
				BC9E75871A8CE4A500B1DF3D /* Products */,
			);
			sourceTree = "<group>";
		};
		BC9E75871A8CE4A500B1DF3D /* Products */ = {
			isa = PBXGroup;
			children = (
				BC9E75861A8CE4A500B1DF3D /* KDCircularProgressExample.app */,
				BC9E759B1A8CE4A500B1DF3D /* KDCircularProgressExampleTests.xctest */,
			);
			name = Products;
			sourceTree = "<group>";
		};
		BC9E75881A8CE4A500B1DF3D /* KDCircularProgressExample */ = {
			isa = PBXGroup;
			children = (
				BC9E75AB1A8CE4B000B1DF3D /* KDCircularProgress */,
				BC9E758B1A8CE4A500B1DF3D /* AppDelegate.swift */,
				BC9E758D1A8CE4A500B1DF3D /* ViewController.swift */,
				BC9E758F1A8CE4A500B1DF3D /* Main.storyboard */,
				BC9E75921A8CE4A500B1DF3D /* Images.xcassets */,
				BC9E75941A8CE4A500B1DF3D /* LaunchScreen.xib */,
				BC9E75891A8CE4A500B1DF3D /* Supporting Files */,
			);
			path = KDCircularProgressExample;
			sourceTree = "<group>";
		};
		BC9E75891A8CE4A500B1DF3D /* Supporting Files */ = {
			isa = PBXGroup;
			children = (
				BC9E758A1A8CE4A500B1DF3D /* Info.plist */,
			);
			name = "Supporting Files";
			sourceTree = "<group>";
		};
		BC9E759E1A8CE4A500B1DF3D /* KDCircularProgressExampleTests */ = {
			isa = PBXGroup;
			children = (
				BC9E75A11A8CE4A500B1DF3D /* KDCircularProgressExampleTests.swift */,
				BC9E759F1A8CE4A500B1DF3D /* Supporting Files */,
			);
			path = KDCircularProgressExampleTests;
			sourceTree = "<group>";
		};
		BC9E759F1A8CE4A500B1DF3D /* Supporting Files */ = {
			isa = PBXGroup;
			children = (
				BC9E75A01A8CE4A500B1DF3D /* Info.plist */,
			);
			name = "Supporting Files";
			sourceTree = "<group>";
		};
		BC9E75AB1A8CE4B000B1DF3D /* KDCircularProgress */ = {
			isa = PBXGroup;
			children = (
				BC9E75AC1A8CE4CC00B1DF3D /* KDCircularProgress.swift */,
			);
			name = KDCircularProgress;
			path = ..;
			sourceTree = "<group>";
		};
/* End PBXGroup section */

/* Begin PBXNativeTarget section */
		BC9E75851A8CE4A500B1DF3D /* KDCircularProgressExample */ = {
			isa = PBXNativeTarget;
			buildConfigurationList = BC9E75A51A8CE4A500B1DF3D /* Build configuration list for PBXNativeTarget "KDCircularProgressExample" */;
			buildPhases = (
				BC9E75821A8CE4A500B1DF3D /* Sources */,
				BC9E75831A8CE4A500B1DF3D /* Frameworks */,
				BC9E75841A8CE4A500B1DF3D /* Resources */,
			);
			buildRules = (
			);
			dependencies = (
			);
			name = KDCircularProgressExample;
			productName = KDCircularProgressExample;
			productReference = BC9E75861A8CE4A500B1DF3D /* KDCircularProgressExample.app */;
			productType = "com.apple.product-type.application";
		};
		BC9E759A1A8CE4A500B1DF3D /* KDCircularProgressExampleTests */ = {
			isa = PBXNativeTarget;
			buildConfigurationList = BC9E75A81A8CE4A500B1DF3D /* Build configuration list for PBXNativeTarget "KDCircularProgressExampleTests" */;
			buildPhases = (
				BC9E75971A8CE4A500B1DF3D /* Sources */,
				BC9E75981A8CE4A500B1DF3D /* Frameworks */,
				BC9E75991A8CE4A500B1DF3D /* Resources */,
			);
			buildRules = (
			);
			dependencies = (
				BC9E759D1A8CE4A500B1DF3D /* PBXTargetDependency */,
			);
			name = KDCircularProgressExampleTests;
			productName = KDCircularProgressExampleTests;
			productReference = BC9E759B1A8CE4A500B1DF3D /* KDCircularProgressExampleTests.xctest */;
			productType = "com.apple.product-type.bundle.unit-test";
		};
/* End PBXNativeTarget section */

/* Begin PBXProject section */
		BC9E757E1A8CE4A500B1DF3D /* Project object */ = {
			isa = PBXProject;
			attributes = {
				LastSwiftUpdateCheck = 0700;
				LastUpgradeCheck = 0610;
				ORGANIZATIONNAME = "Kaan Dedeoglu";
				TargetAttributes = {
					BC9E75851A8CE4A500B1DF3D = {
						CreatedOnToolsVersion = 6.1.1;
					};
					BC9E759A1A8CE4A500B1DF3D = {
						CreatedOnToolsVersion = 6.1.1;
						TestTargetID = BC9E75851A8CE4A500B1DF3D;
					};
				};
			};
			buildConfigurationList = BC9E75811A8CE4A500B1DF3D /* Build configuration list for PBXProject "KDCircularProgressExample" */;
			compatibilityVersion = "Xcode 3.2";
			developmentRegion = English;
			hasScannedForEncodings = 0;
			knownRegions = (
				en,
				Base,
			);
			mainGroup = BC9E757D1A8CE4A500B1DF3D;
			productRefGroup = BC9E75871A8CE4A500B1DF3D /* Products */;
			projectDirPath = "";
			projectRoot = "";
			targets = (
				BC9E75851A8CE4A500B1DF3D /* KDCircularProgressExample */,
				BC9E759A1A8CE4A500B1DF3D /* KDCircularProgressExampleTests */,
			);
		};
/* End PBXProject section */

/* Begin PBXResourcesBuildPhase section */
		BC9E75841A8CE4A500B1DF3D /* Resources */ = {
			isa = PBXResourcesBuildPhase;
			buildActionMask = 2147483647;
			files = (
				BC9E75911A8CE4A500B1DF3D /* Main.storyboard in Resources */,
				BC9E75961A8CE4A500B1DF3D /* LaunchScreen.xib in Resources */,
				BC9E75931A8CE4A500B1DF3D /* Images.xcassets in Resources */,
			);
			runOnlyForDeploymentPostprocessing = 0;
		};
		BC9E75991A8CE4A500B1DF3D /* Resources */ = {
			isa = PBXResourcesBuildPhase;
			buildActionMask = 2147483647;
			files = (
			);
			runOnlyForDeploymentPostprocessing = 0;
		};
/* End PBXResourcesBuildPhase section */

/* Begin PBXSourcesBuildPhase section */
		BC9E75821A8CE4A500B1DF3D /* Sources */ = {
			isa = PBXSourcesBuildPhase;
			buildActionMask = 2147483647;
			files = (
				BC9E75AD1A8CE4CC00B1DF3D /* KDCircularProgress.swift in Sources */,
				BC9E758E1A8CE4A500B1DF3D /* ViewController.swift in Sources */,
				BC9E758C1A8CE4A500B1DF3D /* AppDelegate.swift in Sources */,
			);
			runOnlyForDeploymentPostprocessing = 0;
		};
		BC9E75971A8CE4A500B1DF3D /* Sources */ = {
			isa = PBXSourcesBuildPhase;
			buildActionMask = 2147483647;
			files = (
				BC9E75A21A8CE4A500B1DF3D /* KDCircularProgressExampleTests.swift in Sources */,
			);
			runOnlyForDeploymentPostprocessing = 0;
		};
/* End PBXSourcesBuildPhase section */

/* Begin PBXTargetDependency section */
		BC9E759D1A8CE4A500B1DF3D /* PBXTargetDependency */ = {
			isa = PBXTargetDependency;
			target = BC9E75851A8CE4A500B1DF3D /* KDCircularProgressExample */;
			targetProxy = BC9E759C1A8CE4A500B1DF3D /* PBXContainerItemProxy */;
		};
/* End PBXTargetDependency section */

/* Begin PBXVariantGroup section */
		BC9E758F1A8CE4A500B1DF3D /* Main.storyboard */ = {
			isa = PBXVariantGroup;
			children = (
				BC9E75901A8CE4A500B1DF3D /* Base */,
			);
			name = Main.storyboard;
			sourceTree = "<group>";
		};
		BC9E75941A8CE4A500B1DF3D /* LaunchScreen.xib */ = {
			isa = PBXVariantGroup;
			children = (
				BC9E75951A8CE4A500B1DF3D /* Base */,
			);
			name = LaunchScreen.xib;
			sourceTree = "<group>";
		};
/* End PBXVariantGroup section */

/* Begin XCBuildConfiguration section */
		BC9E75A31A8CE4A500B1DF3D /* Debug */ = {
			isa = XCBuildConfiguration;
			buildSettings = {
				ALWAYS_SEARCH_USER_PATHS = NO;
				CLANG_CXX_LANGUAGE_STANDARD = "gnu++0x";
				CLANG_CXX_LIBRARY = "libc++";
				CLANG_ENABLE_MODULES = YES;
				CLANG_ENABLE_OBJC_ARC = YES;
				CLANG_WARN_BOOL_CONVERSION = YES;
				CLANG_WARN_CONSTANT_CONVERSION = YES;
				CLANG_WARN_DIRECT_OBJC_ISA_USAGE = YES_ERROR;
				CLANG_WARN_EMPTY_BODY = YES;
				CLANG_WARN_ENUM_CONVERSION = YES;
				CLANG_WARN_INT_CONVERSION = YES;
				CLANG_WARN_OBJC_ROOT_CLASS = YES_ERROR;
				CLANG_WARN_UNREACHABLE_CODE = YES;
				CLANG_WARN__DUPLICATE_METHOD_MATCH = YES;
				"CODE_SIGN_IDENTITY[sdk=iphoneos*]" = "iPhone Developer";
				COPY_PHASE_STRIP = NO;
				ENABLE_STRICT_OBJC_MSGSEND = YES;
				GCC_C_LANGUAGE_STANDARD = gnu99;
				GCC_DYNAMIC_NO_PIC = NO;
				GCC_OPTIMIZATION_LEVEL = 0;
				GCC_PREPROCESSOR_DEFINITIONS = (
					"DEBUG=1",
					"$(inherited)",
				);
				GCC_SYMBOLS_PRIVATE_EXTERN = NO;
				GCC_WARN_64_TO_32_BIT_CONVERSION = YES;
				GCC_WARN_ABOUT_RETURN_TYPE = YES_ERROR;
				GCC_WARN_UNDECLARED_SELECTOR = YES;
				GCC_WARN_UNINITIALIZED_AUTOS = YES_AGGRESSIVE;
				GCC_WARN_UNUSED_FUNCTION = YES;
				GCC_WARN_UNUSED_VARIABLE = YES;
				IPHONEOS_DEPLOYMENT_TARGET = 8.1;
				MTL_ENABLE_DEBUG_INFO = YES;
				ONLY_ACTIVE_ARCH = YES;
				SDKROOT = iphoneos;
				SWIFT_OPTIMIZATION_LEVEL = "-Onone";
			};
			name = Debug;
		};
		BC9E75A41A8CE4A500B1DF3D /* Release */ = {
			isa = XCBuildConfiguration;
			buildSettings = {
				ALWAYS_SEARCH_USER_PATHS = NO;
				CLANG_CXX_LANGUAGE_STANDARD = "gnu++0x";
				CLANG_CXX_LIBRARY = "libc++";
				CLANG_ENABLE_MODULES = YES;
				CLANG_ENABLE_OBJC_ARC = YES;
				CLANG_WARN_BOOL_CONVERSION = YES;
				CLANG_WARN_CONSTANT_CONVERSION = YES;
				CLANG_WARN_DIRECT_OBJC_ISA_USAGE = YES_ERROR;
				CLANG_WARN_EMPTY_BODY = YES;
				CLANG_WARN_ENUM_CONVERSION = YES;
				CLANG_WARN_INT_CONVERSION = YES;
				CLANG_WARN_OBJC_ROOT_CLASS = YES_ERROR;
				CLANG_WARN_UNREACHABLE_CODE = YES;
				CLANG_WARN__DUPLICATE_METHOD_MATCH = YES;
				"CODE_SIGN_IDENTITY[sdk=iphoneos*]" = "iPhone Developer";
				COPY_PHASE_STRIP = YES;
				ENABLE_NS_ASSERTIONS = NO;
				ENABLE_STRICT_OBJC_MSGSEND = YES;
				GCC_C_LANGUAGE_STANDARD = gnu99;
				GCC_WARN_64_TO_32_BIT_CONVERSION = YES;
				GCC_WARN_ABOUT_RETURN_TYPE = YES_ERROR;
				GCC_WARN_UNDECLARED_SELECTOR = YES;
				GCC_WARN_UNINITIALIZED_AUTOS = YES_AGGRESSIVE;
				GCC_WARN_UNUSED_FUNCTION = YES;
				GCC_WARN_UNUSED_VARIABLE = YES;
				IPHONEOS_DEPLOYMENT_TARGET = 8.1;
				MTL_ENABLE_DEBUG_INFO = NO;
				SDKROOT = iphoneos;
				VALIDATE_PRODUCT = YES;
			};
			name = Release;
		};
		BC9E75A61A8CE4A500B1DF3D /* Debug */ = {
			isa = XCBuildConfiguration;
			buildSettings = {
				ASSETCATALOG_COMPILER_APPICON_NAME = AppIcon;
				INFOPLIST_FILE = KDCircularProgressExample/Info.plist;
				LD_RUNPATH_SEARCH_PATHS = "$(inherited) @executable_path/Frameworks";
				PRODUCT_NAME = "$(TARGET_NAME)";
			};
			name = Debug;
		};
		BC9E75A71A8CE4A500B1DF3D /* Release */ = {
			isa = XCBuildConfiguration;
			buildSettings = {
				ASSETCATALOG_COMPILER_APPICON_NAME = AppIcon;
				INFOPLIST_FILE = KDCircularProgressExample/Info.plist;
				LD_RUNPATH_SEARCH_PATHS = "$(inherited) @executable_path/Frameworks";
				PRODUCT_NAME = "$(TARGET_NAME)";
			};
			name = Release;
		};
		BC9E75A91A8CE4A500B1DF3D /* Debug */ = {
			isa = XCBuildConfiguration;
			buildSettings = {
				BUNDLE_LOADER = "$(TEST_HOST)";
				FRAMEWORK_SEARCH_PATHS = (
					"$(SDKROOT)/Developer/Library/Frameworks",
					"$(inherited)",
				);
				GCC_PREPROCESSOR_DEFINITIONS = (
					"DEBUG=1",
					"$(inherited)",
				);
				INFOPLIST_FILE = KDCircularProgressExampleTests/Info.plist;
				LD_RUNPATH_SEARCH_PATHS = "$(inherited) @executable_path/Frameworks @loader_path/Frameworks";
				PRODUCT_NAME = "$(TARGET_NAME)";
				TEST_HOST = "$(BUILT_PRODUCTS_DIR)/KDCircularProgressExample.app/KDCircularProgressExample";
			};
			name = Debug;
		};
		BC9E75AA1A8CE4A500B1DF3D /* Release */ = {
			isa = XCBuildConfiguration;
			buildSettings = {
				BUNDLE_LOADER = "$(TEST_HOST)";
				FRAMEWORK_SEARCH_PATHS = (
					"$(SDKROOT)/Developer/Library/Frameworks",
					"$(inherited)",
				);
				INFOPLIST_FILE = KDCircularProgressExampleTests/Info.plist;
				LD_RUNPATH_SEARCH_PATHS = "$(inherited) @executable_path/Frameworks @loader_path/Frameworks";
				PRODUCT_NAME = "$(TARGET_NAME)";
				TEST_HOST = "$(BUILT_PRODUCTS_DIR)/KDCircularProgressExample.app/KDCircularProgressExample";
			};
			name = Release;
		};
/* End XCBuildConfiguration section */

/* Begin XCConfigurationList section */
		BC9E75811A8CE4A500B1DF3D /* Build configuration list for PBXProject "KDCircularProgressExample" */ = {
			isa = XCConfigurationList;
			buildConfigurations = (
				BC9E75A31A8CE4A500B1DF3D /* Debug */,
				BC9E75A41A8CE4A500B1DF3D /* Release */,
			);
			defaultConfigurationIsVisible = 0;
			defaultConfigurationName = Release;
		};
		BC9E75A51A8CE4A500B1DF3D /* Build configuration list for PBXNativeTarget "KDCircularProgressExample" */ = {
			isa = XCConfigurationList;
			buildConfigurations = (
				BC9E75A61A8CE4A500B1DF3D /* Debug */,
				BC9E75A71A8CE4A500B1DF3D /* Release */,
			);
			defaultConfigurationIsVisible = 0;
			defaultConfigurationName = Release;
		};
		BC9E75A81A8CE4A500B1DF3D /* Build configuration list for PBXNativeTarget "KDCircularProgressExampleTests" */ = {
			isa = XCConfigurationList;
			buildConfigurations = (
				BC9E75A91A8CE4A500B1DF3D /* Debug */,
				BC9E75AA1A8CE4A500B1DF3D /* Release */,
			);
			defaultConfigurationIsVisible = 0;
			defaultConfigurationName = Release;
		};
/* End XCConfigurationList section */
	};
	rootObject = BC9E757E1A8CE4A500B1DF3D /* Project object */;
}
